// !$*UTF8*$!
{
	archiveVersion = 1;
	classes = {
	};
	objectVersion = 55;
	objects = {

/* Begin PBXBuildFile section */
		BF07487B281D341000FCBA22 /* AppDelegate.swift in Sources */ = {isa = PBXBuildFile; fileRef = BF07487A281D341000FCBA22 /* AppDelegate.swift */; };
		BF07487D281D341000FCBA22 /* SceneDelegate.swift in Sources */ = {isa = PBXBuildFile; fileRef = BF07487C281D341000FCBA22 /* SceneDelegate.swift */; };
		BF07487F281D341000FCBA22 /* CalendarViewController.swift in Sources */ = {isa = PBXBuildFile; fileRef = BF07487E281D341000FCBA22 /* CalendarViewController.swift */; };
		BF074882281D341000FCBA22 /* Main.storyboard in Resources */ = {isa = PBXBuildFile; fileRef = BF074880281D341000FCBA22 /* Main.storyboard */; };
		BF074884281D341200FCBA22 /* Assets.xcassets in Resources */ = {isa = PBXBuildFile; fileRef = BF074883281D341200FCBA22 /* Assets.xcassets */; };
		BF074887281D341200FCBA22 /* LaunchScreen.storyboard in Resources */ = {isa = PBXBuildFile; fileRef = BF074885281D341200FCBA22 /* LaunchScreen.storyboard */; };
		BF074896281D36BE00FCBA22 /* CalendarCollectionViewCell.swift in Sources */ = {isa = PBXBuildFile; fileRef = BF074894281D36BE00FCBA22 /* CalendarCollectionViewCell.swift */; };
		BF074897281D36BE00FCBA22 /* CalendarCollectionViewCell.xib in Resources */ = {isa = PBXBuildFile; fileRef = BF074895281D36BE00FCBA22 /* CalendarCollectionViewCell.xib */; };
		BF07489A281DE40B00FCBA22 /* DateTimeModel.swift in Sources */ = {isa = PBXBuildFile; fileRef = BF074899281DE40B00FCBA22 /* DateTimeModel.swift */; };
		BF07489C281DE56400FCBA22 /* DateTimeManager.swift in Sources */ = {isa = PBXBuildFile; fileRef = BF07489B281DE56400FCBA22 /* DateTimeManager.swift */; };
		BF07489E281DEC3E00FCBA22 /* PDate.swift in Sources */ = {isa = PBXBuildFile; fileRef = BF07489D281DEC3E00FCBA22 /* PDate.swift */; };
		BF0748AA281F3B4300FCBA22 /* PHexColor.swift in Sources */ = {isa = PBXBuildFile; fileRef = BF0748A9281F3B4300FCBA22 /* PHexColor.swift */; };
		BF0748AF281F3E6B00FCBA22 /* CalendarFooterReusableView.swift in Sources */ = {isa = PBXBuildFile; fileRef = BF0748AD281F3E6B00FCBA22 /* CalendarFooterReusableView.swift */; };
		BF0748B0281F3E6B00FCBA22 /* CalendarFooterReusableView.xib in Resources */ = {isa = PBXBuildFile; fileRef = BF0748AE281F3E6B00FCBA22 /* CalendarFooterReusableView.xib */; };
		BF0748B3281F61C600FCBA22 /* Common.swift in Sources */ = {isa = PBXBuildFile; fileRef = BF0748B2281F61C600FCBA22 /* Common.swift */; };
		BF0748D72825687000FCBA22 /* EventTableViewCell.swift in Sources */ = {isa = PBXBuildFile; fileRef = BF0748D52825687000FCBA22 /* EventTableViewCell.swift */; };
		BF0748D82825687000FCBA22 /* EventTableViewCell.xib in Resources */ = {isa = PBXBuildFile; fileRef = BF0748D62825687000FCBA22 /* EventTableViewCell.xib */; };
		BF0748DB28256ABB00FCBA22 /* PanCornerButton.swift in Sources */ = {isa = PBXBuildFile; fileRef = BF0748DA28256ABB00FCBA22 /* PanCornerButton.swift */; };
		BF0748E02825C04000FCBA22 /* PanIconLabel.swift in Sources */ = {isa = PBXBuildFile; fileRef = BF0748DF2825C04000FCBA22 /* PanIconLabel.swift */; };
		BF100FEF282808EF00E9CB8B /* PBottomBorderTextField.swift in Sources */ = {isa = PBXBuildFile; fileRef = BF100FEE282808EF00E9CB8B /* PBottomBorderTextField.swift */; };
		BF100FF128281CE200E9CB8B /* PHideCursorBottomBorderTextField.swift in Sources */ = {isa = PBXBuildFile; fileRef = BF100FF028281CE200E9CB8B /* PHideCursorBottomBorderTextField.swift */; };
		BF100FF428295DC500E9CB8B /* TaskManager.xcdatamodeld in Sources */ = {isa = PBXBuildFile; fileRef = BF100FF228295DC500E9CB8B /* TaskManager.xcdatamodeld */; };
		BF10101C282A8FEB00E9CB8B /* EventManager.swift in Sources */ = {isa = PBXBuildFile; fileRef = BF10101B282A8FEB00E9CB8B /* EventManager.swift */; };
		BF1594C9282734D10049D59C /* PHighlightButton.swift in Sources */ = {isa = PBXBuildFile; fileRef = BF1594C8282734D10049D59C /* PHighlightButton.swift */; };
		BF1594CB282736950049D59C /* AddEventViewController.swift in Sources */ = {isa = PBXBuildFile; fileRef = BF1594CA282736950049D59C /* AddEventViewController.swift */; };
		BF1594CE2827565D0049D59C /* PBottomBorderView.swift in Sources */ = {isa = PBXBuildFile; fileRef = BF1594CD2827565D0049D59C /* PBottomBorderView.swift */; };
		CC64AB6A716A2F6CC62B5D4D /* Pods_PanCalendar.framework in Frameworks */ = {isa = PBXBuildFile; fileRef = 9821589F1FC83F990FE7724D /* Pods_PanCalendar.framework */; };
/* End PBXBuildFile section */

/* Begin PBXFileReference section */
		9191A08ED650A61BD8E630A3 /* Pods-PanCalendar.debug.xcconfig */ = {isa = PBXFileReference; includeInIndex = 1; lastKnownFileType = text.xcconfig; name = "Pods-PanCalendar.debug.xcconfig"; path = "Target Support Files/Pods-PanCalendar/Pods-PanCalendar.debug.xcconfig"; sourceTree = "<group>"; };
		9821589F1FC83F990FE7724D /* Pods_PanCalendar.framework */ = {isa = PBXFileReference; explicitFileType = wrapper.framework; includeInIndex = 0; path = Pods_PanCalendar.framework; sourceTree = BUILT_PRODUCTS_DIR; };
		BF074877281D341000FCBA22 /* PanCalendar.app */ = {isa = PBXFileReference; explicitFileType = wrapper.application; includeInIndex = 0; path = PanCalendar.app; sourceTree = BUILT_PRODUCTS_DIR; };
		BF07487A281D341000FCBA22 /* AppDelegate.swift */ = {isa = PBXFileReference; lastKnownFileType = sourcecode.swift; path = AppDelegate.swift; sourceTree = "<group>"; };
		BF07487C281D341000FCBA22 /* SceneDelegate.swift */ = {isa = PBXFileReference; lastKnownFileType = sourcecode.swift; path = SceneDelegate.swift; sourceTree = "<group>"; };
		BF07487E281D341000FCBA22 /* CalendarViewController.swift */ = {isa = PBXFileReference; lastKnownFileType = sourcecode.swift; path = CalendarViewController.swift; sourceTree = "<group>"; };
		BF074881281D341000FCBA22 /* Base */ = {isa = PBXFileReference; lastKnownFileType = file.storyboard; name = Base; path = Base.lproj/Main.storyboard; sourceTree = "<group>"; };
		BF074883281D341200FCBA22 /* Assets.xcassets */ = {isa = PBXFileReference; lastKnownFileType = folder.assetcatalog; path = Assets.xcassets; sourceTree = "<group>"; };
		BF074886281D341200FCBA22 /* Base */ = {isa = PBXFileReference; lastKnownFileType = file.storyboard; name = Base; path = Base.lproj/LaunchScreen.storyboard; sourceTree = "<group>"; };
		BF074888281D341200FCBA22 /* Info.plist */ = {isa = PBXFileReference; lastKnownFileType = text.plist.xml; path = Info.plist; sourceTree = "<group>"; };
		BF074894281D36BE00FCBA22 /* CalendarCollectionViewCell.swift */ = {isa = PBXFileReference; lastKnownFileType = sourcecode.swift; path = CalendarCollectionViewCell.swift; sourceTree = "<group>"; };
		BF074895281D36BE00FCBA22 /* CalendarCollectionViewCell.xib */ = {isa = PBXFileReference; lastKnownFileType = file.xib; path = CalendarCollectionViewCell.xib; sourceTree = "<group>"; };
		BF074899281DE40B00FCBA22 /* DateTimeModel.swift */ = {isa = PBXFileReference; lastKnownFileType = sourcecode.swift; path = DateTimeModel.swift; sourceTree = "<group>"; };
		BF07489B281DE56400FCBA22 /* DateTimeManager.swift */ = {isa = PBXFileReference; lastKnownFileType = sourcecode.swift; path = DateTimeManager.swift; sourceTree = "<group>"; };
		BF07489D281DEC3E00FCBA22 /* PDate.swift */ = {isa = PBXFileReference; lastKnownFileType = sourcecode.swift; path = PDate.swift; sourceTree = "<group>"; };
		BF0748A9281F3B4300FCBA22 /* PHexColor.swift */ = {isa = PBXFileReference; lastKnownFileType = sourcecode.swift; path = PHexColor.swift; sourceTree = "<group>"; };
		BF0748AD281F3E6B00FCBA22 /* CalendarFooterReusableView.swift */ = {isa = PBXFileReference; lastKnownFileType = sourcecode.swift; path = CalendarFooterReusableView.swift; sourceTree = "<group>"; };
		BF0748AE281F3E6B00FCBA22 /* CalendarFooterReusableView.xib */ = {isa = PBXFileReference; lastKnownFileType = file.xib; path = CalendarFooterReusableView.xib; sourceTree = "<group>"; };
		BF0748B2281F61C600FCBA22 /* Common.swift */ = {isa = PBXFileReference; lastKnownFileType = sourcecode.swift; path = Common.swift; sourceTree = "<group>"; };
		BF0748D52825687000FCBA22 /* EventTableViewCell.swift */ = {isa = PBXFileReference; lastKnownFileType = sourcecode.swift; path = EventTableViewCell.swift; sourceTree = "<group>"; };
		BF0748D62825687000FCBA22 /* EventTableViewCell.xib */ = {isa = PBXFileReference; lastKnownFileType = file.xib; path = EventTableViewCell.xib; sourceTree = "<group>"; };
		BF0748DA28256ABB00FCBA22 /* PanCornerButton.swift */ = {isa = PBXFileReference; lastKnownFileType = sourcecode.swift; path = PanCornerButton.swift; sourceTree = "<group>"; };
		BF0748DF2825C04000FCBA22 /* PanIconLabel.swift */ = {isa = PBXFileReference; lastKnownFileType = sourcecode.swift; path = PanIconLabel.swift; sourceTree = "<group>"; };
		BF100FEE282808EF00E9CB8B /* PBottomBorderTextField.swift */ = {isa = PBXFileReference; lastKnownFileType = sourcecode.swift; path = PBottomBorderTextField.swift; sourceTree = "<group>"; };
		BF100FF028281CE200E9CB8B /* PHideCursorBottomBorderTextField.swift */ = {isa = PBXFileReference; lastKnownFileType = sourcecode.swift; path = PHideCursorBottomBorderTextField.swift; sourceTree = "<group>"; };
		BF100FF328295DC500E9CB8B /* TaskManager.xcdatamodel */ = {isa = PBXFileReference; lastKnownFileType = wrapper.xcdatamodel; path = TaskManager.xcdatamodel; sourceTree = "<group>"; };
		BF10101B282A8FEB00E9CB8B /* EventManager.swift */ = {isa = PBXFileReference; lastKnownFileType = sourcecode.swift; path = EventManager.swift; sourceTree = "<group>"; };
		BF1594C8282734D10049D59C /* PHighlightButton.swift */ = {isa = PBXFileReference; lastKnownFileType = sourcecode.swift; path = PHighlightButton.swift; sourceTree = "<group>"; };
		BF1594CA282736950049D59C /* AddEventViewController.swift */ = {isa = PBXFileReference; lastKnownFileType = sourcecode.swift; path = AddEventViewController.swift; sourceTree = "<group>"; };
		BF1594CD2827565D0049D59C /* PBottomBorderView.swift */ = {isa = PBXFileReference; lastKnownFileType = sourcecode.swift; path = PBottomBorderView.swift; sourceTree = "<group>"; };
		D605597C067ECADDD635EB38 /* Pods-PanCalendar.release.xcconfig */ = {isa = PBXFileReference; includeInIndex = 1; lastKnownFileType = text.xcconfig; name = "Pods-PanCalendar.release.xcconfig"; path = "Target Support Files/Pods-PanCalendar/Pods-PanCalendar.release.xcconfig"; sourceTree = "<group>"; };
/* End PBXFileReference section */

/* Begin PBXFrameworksBuildPhase section */
		BF074874281D341000FCBA22 /* Frameworks */ = {
			isa = PBXFrameworksBuildPhase;
			buildActionMask = 2147483647;
			files = (
				CC64AB6A716A2F6CC62B5D4D /* Pods_PanCalendar.framework in Frameworks */,
			);
			runOnlyForDeploymentPostprocessing = 0;
		};
/* End PBXFrameworksBuildPhase section */

/* Begin PBXGroup section */
		43A4B4D90F4DE79ADBA567F7 /* Pods */ = {
			isa = PBXGroup;
			children = (
				9191A08ED650A61BD8E630A3 /* Pods-PanCalendar.debug.xcconfig */,
				D605597C067ECADDD635EB38 /* Pods-PanCalendar.release.xcconfig */,
			);
			path = Pods;
			sourceTree = "<group>";
		};
		BF07486E281D341000FCBA22 = {
			isa = PBXGroup;
			children = (
				BF074879281D341000FCBA22 /* PanCalendar */,
				BF074878281D341000FCBA22 /* Products */,
				43A4B4D90F4DE79ADBA567F7 /* Pods */,
				FFA52BF309E785D4C7C67B33 /* Frameworks */,
			);
			sourceTree = "<group>";
		};
		BF074878281D341000FCBA22 /* Products */ = {
			isa = PBXGroup;
			children = (
				BF074877281D341000FCBA22 /* PanCalendar.app */,
			);
			name = Products;
			sourceTree = "<group>";
		};
		BF074879281D341000FCBA22 /* PanCalendar */ = {
			isa = PBXGroup;
			children = (
				BF0748B1281F619700FCBA22 /* Common */,
				BF07487A281D341000FCBA22 /* AppDelegate.swift */,
				BF07487C281D341000FCBA22 /* SceneDelegate.swift */,
				BF0748A7281F3B0400FCBA22 /* Extension */,
				BF074890281D35BF00FCBA22 /* Model */,
				BF07488F281D35B600FCBA22 /* ViewController */,
				BF07488E281D35AB00FCBA22 /* View */,
				BF074891281D35E600FCBA22 /* Supporting Files */,
				BF074888281D341200FCBA22 /* Info.plist */,
			);
			path = PanCalendar;
			sourceTree = "<group>";
		};
		BF07488E281D35AB00FCBA22 /* View */ = {
			isa = PBXGroup;
			children = (
				BF074880281D341000FCBA22 /* Main.storyboard */,
				BF074885281D341200FCBA22 /* LaunchScreen.storyboard */,
				BF074892281D362000FCBA22 /* CustomView */,
			);
			path = View;
			sourceTree = "<group>";
		};
		BF07488F281D35B600FCBA22 /* ViewController */ = {
			isa = PBXGroup;
			children = (
				BF07487E281D341000FCBA22 /* CalendarViewController.swift */,
				BF1594CA282736950049D59C /* AddEventViewController.swift */,
			);
			path = ViewController;
			sourceTree = "<group>";
		};
		BF074890281D35BF00FCBA22 /* Model */ = {
			isa = PBXGroup;
			children = (
				BF10101A282A8FD300E9CB8B /* Event */,
				BF101019282A8FC300E9CB8B /* DateTime */,
			);
			path = Model;
			sourceTree = "<group>";
		};
		BF074891281D35E600FCBA22 /* Supporting Files */ = {
			isa = PBXGroup;
			children = (
				BF074883281D341200FCBA22 /* Assets.xcassets */,
			);
			path = "Supporting Files";
			sourceTree = "<group>";
		};
		BF074892281D362000FCBA22 /* CustomView */ = {
			isa = PBXGroup;
			children = (
				BF100FED2828089C00E9CB8B /* BottomBorderTextField */,
				BF1594CC282756340049D59C /* BottomBorderView */,
				BF1594C7282734B80049D59C /* HighlightButton */,
				BF0748DE2825C02A00FCBA22 /* IconLabel */,
				BF0748D928256A4D00FCBA22 /* RoundButton */,
				BF0748D42825682F00FCBA22 /* EventTableViewCell */,
				BF0748A2281F36B400FCBA22 /* CalendarCollectionViewHeader */,
				BF074893281D366300FCBA22 /* CalendarCollectionViewCell */,
			);
			path = CustomView;
			sourceTree = "<group>";
		};
		BF074893281D366300FCBA22 /* CalendarCollectionViewCell */ = {
			isa = PBXGroup;
			children = (
				BF074894281D36BE00FCBA22 /* CalendarCollectionViewCell.swift */,
				BF074895281D36BE00FCBA22 /* CalendarCollectionViewCell.xib */,
			);
			path = CalendarCollectionViewCell;
			sourceTree = "<group>";
		};
		BF0748A2281F36B400FCBA22 /* CalendarCollectionViewHeader */ = {
			isa = PBXGroup;
			children = (
				BF0748AD281F3E6B00FCBA22 /* CalendarFooterReusableView.swift */,
				BF0748AE281F3E6B00FCBA22 /* CalendarFooterReusableView.xib */,
			);
			path = CalendarCollectionViewHeader;
			sourceTree = "<group>";
		};
		BF0748A7281F3B0400FCBA22 /* Extension */ = {
			isa = PBXGroup;
			children = (
				BF07489D281DEC3E00FCBA22 /* PDate.swift */,
				BF0748A9281F3B4300FCBA22 /* PHexColor.swift */,
			);
			path = Extension;
			sourceTree = "<group>";
		};
		BF0748B1281F619700FCBA22 /* Common */ = {
			isa = PBXGroup;
			children = (
				BF0748B2281F61C600FCBA22 /* Common.swift */,
			);
			path = Common;
			sourceTree = "<group>";
		};
		BF0748D42825682F00FCBA22 /* EventTableViewCell */ = {
			isa = PBXGroup;
			children = (
				BF0748D52825687000FCBA22 /* EventTableViewCell.swift */,
				BF0748D62825687000FCBA22 /* EventTableViewCell.xib */,
			);
			path = EventTableViewCell;
			sourceTree = "<group>";
		};
		BF0748D928256A4D00FCBA22 /* RoundButton */ = {
			isa = PBXGroup;
			children = (
				BF0748DA28256ABB00FCBA22 /* PanCornerButton.swift */,
			);
			path = RoundButton;
			sourceTree = "<group>";
		};
		BF0748DE2825C02A00FCBA22 /* IconLabel */ = {
			isa = PBXGroup;
			children = (
				BF0748DF2825C04000FCBA22 /* PanIconLabel.swift */,
			);
			path = IconLabel;
			sourceTree = "<group>";
		};
		BF100FED2828089C00E9CB8B /* BottomBorderTextField */ = {
			isa = PBXGroup;
			children = (
				BF100FEE282808EF00E9CB8B /* PBottomBorderTextField.swift */,
				BF100FF028281CE200E9CB8B /* PHideCursorBottomBorderTextField.swift */,
			);
			path = BottomBorderTextField;
			sourceTree = "<group>";
		};
		BF101019282A8FC300E9CB8B /* DateTime */ = {
			isa = PBXGroup;
			children = (
				BF074899281DE40B00FCBA22 /* DateTimeModel.swift */,
				BF07489B281DE56400FCBA22 /* DateTimeManager.swift */,
			);
			path = DateTime;
			sourceTree = "<group>";
		};
		BF10101A282A8FD300E9CB8B /* Event */ = {
			isa = PBXGroup;
			children = (
				BF100FF228295DC500E9CB8B /* TaskManager.xcdatamodeld */,
				BF10101B282A8FEB00E9CB8B /* EventManager.swift */,
			);
			path = Event;
			sourceTree = "<group>";
		};
		BF1594C7282734B80049D59C /* HighlightButton */ = {
			isa = PBXGroup;
			children = (
				BF1594C8282734D10049D59C /* PHighlightButton.swift */,
			);
			path = HighlightButton;
			sourceTree = "<group>";
		};
		BF1594CC282756340049D59C /* BottomBorderView */ = {
			isa = PBXGroup;
			children = (
				BF1594CD2827565D0049D59C /* PBottomBorderView.swift */,
			);
			path = BottomBorderView;
			sourceTree = "<group>";
		};
		FFA52BF309E785D4C7C67B33 /* Frameworks */ = {
			isa = PBXGroup;
			children = (
				9821589F1FC83F990FE7724D /* Pods_PanCalendar.framework */,
			);
			name = Frameworks;
			sourceTree = "<group>";
		};
/* End PBXGroup section */

/* Begin PBXNativeTarget section */
		BF074876281D341000FCBA22 /* PanCalendar */ = {
			isa = PBXNativeTarget;
			buildConfigurationList = BF07488B281D341200FCBA22 /* Build configuration list for PBXNativeTarget "PanCalendar" */;
			buildPhases = (
				86CAC46766E077836127BC9B /* [CP] Check Pods Manifest.lock */,
				BF074873281D341000FCBA22 /* Sources */,
				BF074874281D341000FCBA22 /* Frameworks */,
				BF074875281D341000FCBA22 /* Resources */,
				B6EE33158404B6BCB4C7A1FF /* [CP] Embed Pods Frameworks */,
			);
			buildRules = (
			);
			dependencies = (
			);
			name = PanCalendar;
			productName = PanCalendar;
			productReference = BF074877281D341000FCBA22 /* PanCalendar.app */;
			productType = "com.apple.product-type.application";
		};
/* End PBXNativeTarget section */

/* Begin PBXProject section */
		BF07486F281D341000FCBA22 /* Project object */ = {
			isa = PBXProject;
			attributes = {
				BuildIndependentTargetsInParallel = 1;
				LastSwiftUpdateCheck = 1330;
				LastUpgradeCheck = 1330;
				TargetAttributes = {
					BF074876281D341000FCBA22 = {
						CreatedOnToolsVersion = 13.3.1;
					};
				};
			};
			buildConfigurationList = BF074872281D341000FCBA22 /* Build configuration list for PBXProject "PanCalendar" */;
			compatibilityVersion = "Xcode 13.0";
			developmentRegion = en;
			hasScannedForEncodings = 0;
			knownRegions = (
				en,
				Base,
			);
			mainGroup = BF07486E281D341000FCBA22;
			productRefGroup = BF074878281D341000FCBA22 /* Products */;
			projectDirPath = "";
			projectRoot = "";
			targets = (
				BF074876281D341000FCBA22 /* PanCalendar */,
			);
		};
/* End PBXProject section */

/* Begin PBXResourcesBuildPhase section */
		BF074875281D341000FCBA22 /* Resources */ = {
			isa = PBXResourcesBuildPhase;
			buildActionMask = 2147483647;
			files = (
				BF0748D82825687000FCBA22 /* EventTableViewCell.xib in Resources */,
				BF074897281D36BE00FCBA22 /* CalendarCollectionViewCell.xib in Resources */,
				BF074887281D341200FCBA22 /* LaunchScreen.storyboard in Resources */,
				BF0748B0281F3E6B00FCBA22 /* CalendarFooterReusableView.xib in Resources */,
				BF074884281D341200FCBA22 /* Assets.xcassets in Resources */,
				BF074882281D341000FCBA22 /* Main.storyboard in Resources */,
			);
			runOnlyForDeploymentPostprocessing = 0;
		};
/* End PBXResourcesBuildPhase section */

/* Begin PBXShellScriptBuildPhase section */
		86CAC46766E077836127BC9B /* [CP] Check Pods Manifest.lock */ = {
			isa = PBXShellScriptBuildPhase;
			buildActionMask = 2147483647;
			files = (
			);
			inputFileListPaths = (
			);
			inputPaths = (
				"${PODS_PODFILE_DIR_PATH}/Podfile.lock",
				"${PODS_ROOT}/Manifest.lock",
			);
			name = "[CP] Check Pods Manifest.lock";
			outputFileListPaths = (
			);
			outputPaths = (
				"$(DERIVED_FILE_DIR)/Pods-PanCalendar-checkManifestLockResult.txt",
			);
			runOnlyForDeploymentPostprocessing = 0;
			shellPath = /bin/sh;
			shellScript = "diff \"${PODS_PODFILE_DIR_PATH}/Podfile.lock\" \"${PODS_ROOT}/Manifest.lock\" > /dev/null\nif [ $? != 0 ] ; then\n    # print error to STDERR\n    echo \"error: The sandbox is not in sync with the Podfile.lock. Run 'pod install' or update your CocoaPods installation.\" >&2\n    exit 1\nfi\n# This output is used by Xcode 'outputs' to avoid re-running this script phase.\necho \"SUCCESS\" > \"${SCRIPT_OUTPUT_FILE_0}\"\n";
			showEnvVarsInLog = 0;
		};
		B6EE33158404B6BCB4C7A1FF /* [CP] Embed Pods Frameworks */ = {
			isa = PBXShellScriptBuildPhase;
			buildActionMask = 2147483647;
			files = (
			);
			inputFileListPaths = (
				"${PODS_ROOT}/Target Support Files/Pods-PanCalendar/Pods-PanCalendar-frameworks-${CONFIGURATION}-input-files.xcfilelist",
			);
			name = "[CP] Embed Pods Frameworks";
			outputFileListPaths = (
				"${PODS_ROOT}/Target Support Files/Pods-PanCalendar/Pods-PanCalendar-frameworks-${CONFIGURATION}-output-files.xcfilelist",
			);
			runOnlyForDeploymentPostprocessing = 0;
			shellPath = /bin/sh;
			shellScript = "\"${PODS_ROOT}/Target Support Files/Pods-PanCalendar/Pods-PanCalendar-frameworks.sh\"\n";
			showEnvVarsInLog = 0;
		};
/* End PBXShellScriptBuildPhase section */

/* Begin PBXSourcesBuildPhase section */
		BF074873281D341000FCBA22 /* Sources */ = {
			isa = PBXSourcesBuildPhase;
			buildActionMask = 2147483647;
			files = (
				BF1594CE2827565D0049D59C /* PBottomBorderView.swift in Sources */,
				BF100FF428295DC500E9CB8B /* TaskManager.xcdatamodeld in Sources */,
				BF074896281D36BE00FCBA22 /* CalendarCollectionViewCell.swift in Sources */,
				BF1594CB282736950049D59C /* AddEventViewController.swift in Sources */,
				BF0748E02825C04000FCBA22 /* PanIconLabel.swift in Sources */,
				BF0748D72825687000FCBA22 /* EventTableViewCell.swift in Sources */,
				BF1594C9282734D10049D59C /* PHighlightButton.swift in Sources */,
				BF0748AF281F3E6B00FCBA22 /* CalendarFooterReusableView.swift in Sources */,
				BF07487F281D341000FCBA22 /* CalendarViewController.swift in Sources */,
				BF0748AA281F3B4300FCBA22 /* PHexColor.swift in Sources */,
				BF10101C282A8FEB00E9CB8B /* EventManager.swift in Sources */,
				BF0748DB28256ABB00FCBA22 /* PanCornerButton.swift in Sources */,
				BF100FEF282808EF00E9CB8B /* PBottomBorderTextField.swift in Sources */,
				BF100FF128281CE200E9CB8B /* PHideCursorBottomBorderTextField.swift in Sources */,
				BF07489E281DEC3E00FCBA22 /* PDate.swift in Sources */,
				BF07489A281DE40B00FCBA22 /* DateTimeModel.swift in Sources */,
				BF07487B281D341000FCBA22 /* AppDelegate.swift in Sources */,
				BF07489C281DE56400FCBA22 /* DateTimeManager.swift in Sources */,
				BF0748B3281F61C600FCBA22 /* Common.swift in Sources */,
				BF07487D281D341000FCBA22 /* SceneDelegate.swift in Sources */,
			);
			runOnlyForDeploymentPostprocessing = 0;
		};
/* End PBXSourcesBuildPhase section */

/* Begin PBXVariantGroup section */
		BF074880281D341000FCBA22 /* Main.storyboard */ = {
			isa = PBXVariantGroup;
			children = (
				BF074881281D341000FCBA22 /* Base */,
			);
			name = Main.storyboard;
			sourceTree = "<group>";
		};
		BF074885281D341200FCBA22 /* LaunchScreen.storyboard */ = {
			isa = PBXVariantGroup;
			children = (
				BF074886281D341200FCBA22 /* Base */,
			);
			name = LaunchScreen.storyboard;
			sourceTree = "<group>";
		};
/* End PBXVariantGroup section */

/* Begin XCBuildConfiguration section */
		BF074889281D341200FCBA22 /* Debug */ = {
			isa = XCBuildConfiguration;
			buildSettings = {
				ALWAYS_SEARCH_USER_PATHS = NO;
				CLANG_ANALYZER_NONNULL = YES;
				CLANG_ANALYZER_NUMBER_OBJECT_CONVERSION = YES_AGGRESSIVE;
				CLANG_CXX_LANGUAGE_STANDARD = "gnu++17";
				CLANG_ENABLE_MODULES = YES;
				CLANG_ENABLE_OBJC_ARC = YES;
				CLANG_ENABLE_OBJC_WEAK = YES;
				CLANG_WARN_BLOCK_CAPTURE_AUTORELEASING = YES;
				CLANG_WARN_BOOL_CONVERSION = YES;
				CLANG_WARN_COMMA = YES;
				CLANG_WARN_CONSTANT_CONVERSION = YES;
				CLANG_WARN_DEPRECATED_OBJC_IMPLEMENTATIONS = YES;
				CLANG_WARN_DIRECT_OBJC_ISA_USAGE = YES_ERROR;
				CLANG_WARN_DOCUMENTATION_COMMENTS = YES;
				CLANG_WARN_EMPTY_BODY = YES;
				CLANG_WARN_ENUM_CONVERSION = YES;
				CLANG_WARN_INFINITE_RECURSION = YES;
				CLANG_WARN_INT_CONVERSION = YES;
				CLANG_WARN_NON_LITERAL_NULL_CONVERSION = YES;
				CLANG_WARN_OBJC_IMPLICIT_RETAIN_SELF = YES;
				CLANG_WARN_OBJC_LITERAL_CONVERSION = YES;
				CLANG_WARN_OBJC_ROOT_CLASS = YES_ERROR;
				CLANG_WARN_QUOTED_INCLUDE_IN_FRAMEWORK_HEADER = YES;
				CLANG_WARN_RANGE_LOOP_ANALYSIS = YES;
				CLANG_WARN_STRICT_PROTOTYPES = YES;
				CLANG_WARN_SUSPICIOUS_MOVE = YES;
				CLANG_WARN_UNGUARDED_AVAILABILITY = YES_AGGRESSIVE;
				CLANG_WARN_UNREACHABLE_CODE = YES;
				CLANG_WARN__DUPLICATE_METHOD_MATCH = YES;
				COPY_PHASE_STRIP = NO;
				DEBUG_INFORMATION_FORMAT = dwarf;
				ENABLE_STRICT_OBJC_MSGSEND = YES;
				ENABLE_TESTABILITY = YES;
				GCC_C_LANGUAGE_STANDARD = gnu11;
				GCC_DYNAMIC_NO_PIC = NO;
				GCC_NO_COMMON_BLOCKS = YES;
				GCC_OPTIMIZATION_LEVEL = 0;
				GCC_PREPROCESSOR_DEFINITIONS = (
					"DEBUG=1",
					"$(inherited)",
				);
				GCC_WARN_64_TO_32_BIT_CONVERSION = YES;
				GCC_WARN_ABOUT_RETURN_TYPE = YES_ERROR;
				GCC_WARN_UNDECLARED_SELECTOR = YES;
				GCC_WARN_UNINITIALIZED_AUTOS = YES_AGGRESSIVE;
				GCC_WARN_UNUSED_FUNCTION = YES;
				GCC_WARN_UNUSED_VARIABLE = YES;
				IPHONEOS_DEPLOYMENT_TARGET = 15.4;
				MTL_ENABLE_DEBUG_INFO = INCLUDE_SOURCE;
				MTL_FAST_MATH = YES;
				ONLY_ACTIVE_ARCH = YES;
				SDKROOT = iphoneos;
				SWIFT_ACTIVE_COMPILATION_CONDITIONS = DEBUG;
				SWIFT_OPTIMIZATION_LEVEL = "-Onone";
			};
			name = Debug;
		};
		BF07488A281D341200FCBA22 /* Release */ = {
			isa = XCBuildConfiguration;
			buildSettings = {
				ALWAYS_SEARCH_USER_PATHS = NO;
				CLANG_ANALYZER_NONNULL = YES;
				CLANG_ANALYZER_NUMBER_OBJECT_CONVERSION = YES_AGGRESSIVE;
				CLANG_CXX_LANGUAGE_STANDARD = "gnu++17";
				CLANG_ENABLE_MODULES = YES;
				CLANG_ENABLE_OBJC_ARC = YES;
				CLANG_ENABLE_OBJC_WEAK = YES;
				CLANG_WARN_BLOCK_CAPTURE_AUTORELEASING = YES;
				CLANG_WARN_BOOL_CONVERSION = YES;
				CLANG_WARN_COMMA = YES;
				CLANG_WARN_CONSTANT_CONVERSION = YES;
				CLANG_WARN_DEPRECATED_OBJC_IMPLEMENTATIONS = YES;
				CLANG_WARN_DIRECT_OBJC_ISA_USAGE = YES_ERROR;
				CLANG_WARN_DOCUMENTATION_COMMENTS = YES;
				CLANG_WARN_EMPTY_BODY = YES;
				CLANG_WARN_ENUM_CONVERSION = YES;
				CLANG_WARN_INFINITE_RECURSION = YES;
				CLANG_WARN_INT_CONVERSION = YES;
				CLANG_WARN_NON_LITERAL_NULL_CONVERSION = YES;
				CLANG_WARN_OBJC_IMPLICIT_RETAIN_SELF = YES;
				CLANG_WARN_OBJC_LITERAL_CONVERSION = YES;
				CLANG_WARN_OBJC_ROOT_CLASS = YES_ERROR;
				CLANG_WARN_QUOTED_INCLUDE_IN_FRAMEWORK_HEADER = YES;
				CLANG_WARN_RANGE_LOOP_ANALYSIS = YES;
				CLANG_WARN_STRICT_PROTOTYPES = YES;
				CLANG_WARN_SUSPICIOUS_MOVE = YES;
				CLANG_WARN_UNGUARDED_AVAILABILITY = YES_AGGRESSIVE;
				CLANG_WARN_UNREACHABLE_CODE = YES;
				CLANG_WARN__DUPLICATE_METHOD_MATCH = YES;
				COPY_PHASE_STRIP = NO;
				DEBUG_INFORMATION_FORMAT = "dwarf-with-dsym";
				ENABLE_NS_ASSERTIONS = NO;
				ENABLE_STRICT_OBJC_MSGSEND = YES;
				GCC_C_LANGUAGE_STANDARD = gnu11;
				GCC_NO_COMMON_BLOCKS = YES;
				GCC_WARN_64_TO_32_BIT_CONVERSION = YES;
				GCC_WARN_ABOUT_RETURN_TYPE = YES_ERROR;
				GCC_WARN_UNDECLARED_SELECTOR = YES;
				GCC_WARN_UNINITIALIZED_AUTOS = YES_AGGRESSIVE;
				GCC_WARN_UNUSED_FUNCTION = YES;
				GCC_WARN_UNUSED_VARIABLE = YES;
				IPHONEOS_DEPLOYMENT_TARGET = 15.4;
				MTL_ENABLE_DEBUG_INFO = NO;
				MTL_FAST_MATH = YES;
				SDKROOT = iphoneos;
				SWIFT_COMPILATION_MODE = wholemodule;
				SWIFT_OPTIMIZATION_LEVEL = "-O";
				VALIDATE_PRODUCT = YES;
			};
			name = Release;
		};
		BF07488C281D341200FCBA22 /* Debug */ = {
			isa = XCBuildConfiguration;
			baseConfigurationReference = 9191A08ED650A61BD8E630A3 /* Pods-PanCalendar.debug.xcconfig */;
			buildSettings = {
				ASSETCATALOG_COMPILER_APPICON_NAME = AppIcon;
				ASSETCATALOG_COMPILER_GLOBAL_ACCENT_COLOR_NAME = AccentColor;
				CODE_SIGN_STYLE = Automatic;
				CURRENT_PROJECT_VERSION = 1;
				DEVELOPMENT_TEAM = QQ74U7T9T3;
				GENERATE_INFOPLIST_FILE = YES;
				INFOPLIST_FILE = PanCalendar/Info.plist;
				INFOPLIST_KEY_UIApplicationSupportsIndirectInputEvents = YES;
				INFOPLIST_KEY_UILaunchStoryboardName = LaunchScreen;
				INFOPLIST_KEY_UIMainStoryboardFile = Main;
				INFOPLIST_KEY_UISupportedInterfaceOrientations_iPad = "UIInterfaceOrientationPortrait UIInterfaceOrientationPortraitUpsideDown UIInterfaceOrientationLandscapeLeft UIInterfaceOrientationLandscapeRight";
				INFOPLIST_KEY_UISupportedInterfaceOrientations_iPhone = "UIInterfaceOrientationPortrait UIInterfaceOrientationLandscapeLeft UIInterfaceOrientationLandscapeRight";
				LD_RUNPATH_SEARCH_PATHS = (
					"$(inherited)",
					"@executable_path/Frameworks",
				);
				MARKETING_VERSION = 1.0;
				PRODUCT_BUNDLE_IDENTIFIER = com.huyhdq.PanCalendar;
				PRODUCT_NAME = "$(TARGET_NAME)";
				SWIFT_EMIT_LOC_STRINGS = YES;
				SWIFT_VERSION = 5.0;
				TARGETED_DEVICE_FAMILY = "1,2";
			};
			name = Debug;
		};
		BF07488D281D341200FCBA22 /* Release */ = {
			isa = XCBuildConfiguration;
			baseConfigurationReference = D605597C067ECADDD635EB38 /* Pods-PanCalendar.release.xcconfig */;
			buildSettings = {
				ASSETCATALOG_COMPILER_APPICON_NAME = AppIcon;
				ASSETCATALOG_COMPILER_GLOBAL_ACCENT_COLOR_NAME = AccentColor;
				CODE_SIGN_STYLE = Automatic;
				CURRENT_PROJECT_VERSION = 1;
				DEVELOPMENT_TEAM = QQ74U7T9T3;
				GENERATE_INFOPLIST_FILE = YES;
				INFOPLIST_FILE = PanCalendar/Info.plist;
				INFOPLIST_KEY_UIApplicationSupportsIndirectInputEvents = YES;
				INFOPLIST_KEY_UILaunchStoryboardName = LaunchScreen;
				INFOPLIST_KEY_UIMainStoryboardFile = Main;
				INFOPLIST_KEY_UISupportedInterfaceOrientations_iPad = "UIInterfaceOrientationPortrait UIInterfaceOrientationPortraitUpsideDown UIInterfaceOrientationLandscapeLeft UIInterfaceOrientationLandscapeRight";
				INFOPLIST_KEY_UISupportedInterfaceOrientations_iPhone = "UIInterfaceOrientationPortrait UIInterfaceOrientationLandscapeLeft UIInterfaceOrientationLandscapeRight";
				LD_RUNPATH_SEARCH_PATHS = (
					"$(inherited)",
					"@executable_path/Frameworks",
				);
				MARKETING_VERSION = 1.0;
				PRODUCT_BUNDLE_IDENTIFIER = com.huyhdq.PanCalendar;
				PRODUCT_NAME = "$(TARGET_NAME)";
				SWIFT_EMIT_LOC_STRINGS = YES;
				SWIFT_VERSION = 5.0;
				TARGETED_DEVICE_FAMILY = "1,2";
			};
			name = Release;
		};
/* End XCBuildConfiguration section */

/* Begin XCConfigurationList section */
		BF074872281D341000FCBA22 /* Build configuration list for PBXProject "PanCalendar" */ = {
			isa = XCConfigurationList;
			buildConfigurations = (
				BF074889281D341200FCBA22 /* Debug */,
				BF07488A281D341200FCBA22 /* Release */,
			);
			defaultConfigurationIsVisible = 0;
			defaultConfigurationName = Release;
		};
		BF07488B281D341200FCBA22 /* Build configuration list for PBXNativeTarget "PanCalendar" */ = {
			isa = XCConfigurationList;
			buildConfigurations = (
				BF07488C281D341200FCBA22 /* Debug */,
				BF07488D281D341200FCBA22 /* Release */,
			);
			defaultConfigurationIsVisible = 0;
			defaultConfigurationName = Release;
		};
/* End XCConfigurationList section */

/* Begin XCVersionGroup section */
		BF100FF228295DC500E9CB8B /* TaskManager.xcdatamodeld */ = {
			isa = XCVersionGroup;
			children = (
				BF100FF328295DC500E9CB8B /* TaskManager.xcdatamodel */,
			);
			currentVersion = BF100FF328295DC500E9CB8B /* TaskManager.xcdatamodel */;
			path = TaskManager.xcdatamodeld;
			sourceTree = "<group>";
			versionGroupType = wrapper.xcdatamodel;
		};
/* End XCVersionGroup section */
	};
	rootObject = BF07486F281D341000FCBA22 /* Project object */;
}
